
Microsoft Visual Studio Solution File, Format Version 12.00
# Visual Studio Version 17
VisualStudioVersion = 17.13.35828.75 d17.13
MinimumVisualStudioVersion = 10.0.40219.1
Project("{FAE04EC0-301F-11D3-BF4B-00C04F79EFBC}") = "SauceDemoAppTesting", "SauceDemoAppTesting\SauceDemoAppTesting.csproj", "{F1F9F91E-D1E1-452D-AA13-B881625628DB}"
EndProject
Global
	GlobalSection(SolutionConfigurationPlatforms) = preSolution
		Debug|Any CPU = Debug|Any CPU
		Release|Any CPU = Release|Any CPU
	EndGlobalSection
	GlobalSection(ProjectConfigurationPlatforms) = postSolution
		{F1F9F91E-D1E1-452D-AA13-B881625628DB}.Debug|Any CPU.ActiveCfg = Debug|Any CPU
		{F1F9F91E-D1E1-452D-AA13-B881625628DB}.Debug|Any CPU.Build.0 = Debug|Any CPU
		{F1F9F91E-D1E1-452D-AA13-B881625628DB}.Release|Any CPU.ActiveCfg = Release|Any CPU
		{F1F9F91E-D1E1-452D-AA13-B881625628DB}.Release|Any CPU.Build.0 = Release|Any CPU
	EndGlobalSection
	GlobalSection(SolutionProperties) = preSolution
		HideSolutionNode = FALSE
	EndGlobalSection
	GlobalSection(ExtensibilityGlobals) = postSolution
		SolutionGuid = {123C66A0-6C86-4F1F-B547-996BA37EE11E}
	EndGlobalSection
EndGlobal
